// !$*UTF8*$!
{
	archiveVersion = 1;
	classes = {
	};
	objectVersion = 50;
	objects = {

/* Begin PBXBuildFile section */
		F2FB92A125B364B800206CEE /* AppDelegate.swift in Sources */ = {isa = PBXBuildFile; fileRef = F2FB92A025B364B800206CEE /* AppDelegate.swift */; };
		F2FB92A325B364B800206CEE /* SceneDelegate.swift in Sources */ = {isa = PBXBuildFile; fileRef = F2FB92A225B364B800206CEE /* SceneDelegate.swift */; };
		F2FB92A825B364B800206CEE /* Main.storyboard in Resources */ = {isa = PBXBuildFile; fileRef = F2FB92A625B364B800206CEE /* Main.storyboard */; };
		F2FB92AA25B364BC00206CEE /* Assets.xcassets in Resources */ = {isa = PBXBuildFile; fileRef = F2FB92A925B364BC00206CEE /* Assets.xcassets */; };
		F2FB92AD25B364BC00206CEE /* LaunchScreen.storyboard in Resources */ = {isa = PBXBuildFile; fileRef = F2FB92AB25B364BC00206CEE /* LaunchScreen.storyboard */; };
		F2FB92BA25B369CA00206CEE /* NetworkManager.swift in Sources */ = {isa = PBXBuildFile; fileRef = F2FB92B925B369CA00206CEE /* NetworkManager.swift */; };
		F2FB92BE25B36A1700206CEE /* Character.swift in Sources */ = {isa = PBXBuildFile; fileRef = F2FB92BD25B36A1700206CEE /* Character.swift */; };
		F2FB92C125B36A3200206CEE /* Characters.swift in Sources */ = {isa = PBXBuildFile; fileRef = F2FB92C025B36A3100206CEE /* Characters.swift */; };
		F2FB92C525B36BB000206CEE /* RMError.swift in Sources */ = {isa = PBXBuildFile; fileRef = F2FB92C425B36BB000206CEE /* RMError.swift */; };
		F2FB92CA25B36C5200206CEE /* CharactersVC.swift in Sources */ = {isa = PBXBuildFile; fileRef = F2FB92C925B36C5200206CEE /* CharactersVC.swift */; };
		F2FB92DC25B3793A00206CEE /* CharacterCell.swift in Sources */ = {isa = PBXBuildFile; fileRef = F2FB92DA25B3793A00206CEE /* CharacterCell.swift */; };
		F2FB92DD25B3793A00206CEE /* CharacterCell.xib in Resources */ = {isa = PBXBuildFile; fileRef = F2FB92DB25B3793A00206CEE /* CharacterCell.xib */; };
		F2FB92E325B3846800206CEE /* UIViewController+Ext.swift in Sources */ = {isa = PBXBuildFile; fileRef = F2FB92E225B3846800206CEE /* UIViewController+Ext.swift */; };
/* End PBXBuildFile section */

/* Begin PBXFileReference section */
		F2FB929D25B364B800206CEE /* RickAndMorty.app */ = {isa = PBXFileReference; explicitFileType = wrapper.application; includeInIndex = 0; path = RickAndMorty.app; sourceTree = BUILT_PRODUCTS_DIR; };
		F2FB92A025B364B800206CEE /* AppDelegate.swift */ = {isa = PBXFileReference; lastKnownFileType = sourcecode.swift; path = AppDelegate.swift; sourceTree = "<group>"; };
		F2FB92A225B364B800206CEE /* SceneDelegate.swift */ = {isa = PBXFileReference; lastKnownFileType = sourcecode.swift; path = SceneDelegate.swift; sourceTree = "<group>"; };
		F2FB92A725B364B800206CEE /* Base */ = {isa = PBXFileReference; lastKnownFileType = file.storyboard; name = Base; path = Base.lproj/Main.storyboard; sourceTree = "<group>"; };
		F2FB92A925B364BC00206CEE /* Assets.xcassets */ = {isa = PBXFileReference; lastKnownFileType = folder.assetcatalog; path = Assets.xcassets; sourceTree = "<group>"; };
		F2FB92AC25B364BC00206CEE /* Base */ = {isa = PBXFileReference; lastKnownFileType = file.storyboard; name = Base; path = Base.lproj/LaunchScreen.storyboard; sourceTree = "<group>"; };
		F2FB92AE25B364BC00206CEE /* Info.plist */ = {isa = PBXFileReference; lastKnownFileType = text.plist.xml; path = Info.plist; sourceTree = "<group>"; };
		F2FB92B925B369CA00206CEE /* NetworkManager.swift */ = {isa = PBXFileReference; lastKnownFileType = sourcecode.swift; path = NetworkManager.swift; sourceTree = "<group>"; };
		F2FB92BD25B36A1700206CEE /* Character.swift */ = {isa = PBXFileReference; lastKnownFileType = sourcecode.swift; path = Character.swift; sourceTree = "<group>"; };
		F2FB92C025B36A3100206CEE /* Characters.swift */ = {isa = PBXFileReference; lastKnownFileType = sourcecode.swift; path = Characters.swift; sourceTree = "<group>"; };
		F2FB92C425B36BB000206CEE /* RMError.swift */ = {isa = PBXFileReference; lastKnownFileType = sourcecode.swift; path = RMError.swift; sourceTree = "<group>"; };
		F2FB92C925B36C5200206CEE /* CharactersVC.swift */ = {isa = PBXFileReference; lastKnownFileType = sourcecode.swift; path = CharactersVC.swift; sourceTree = "<group>"; };
		F2FB92DA25B3793A00206CEE /* CharacterCell.swift */ = {isa = PBXFileReference; lastKnownFileType = sourcecode.swift; path = CharacterCell.swift; sourceTree = "<group>"; };
		F2FB92DB25B3793A00206CEE /* CharacterCell.xib */ = {isa = PBXFileReference; lastKnownFileType = file.xib; path = CharacterCell.xib; sourceTree = "<group>"; };
		F2FB92E225B3846800206CEE /* UIViewController+Ext.swift */ = {isa = PBXFileReference; lastKnownFileType = sourcecode.swift; path = "UIViewController+Ext.swift"; sourceTree = "<group>"; };
/* End PBXFileReference section */

/* Begin PBXFrameworksBuildPhase section */
		F2FB929A25B364B800206CEE /* Frameworks */ = {
			isa = PBXFrameworksBuildPhase;
			buildActionMask = 2147483647;
			files = (
			);
			runOnlyForDeploymentPostprocessing = 0;
		};
/* End PBXFrameworksBuildPhase section */

/* Begin PBXGroup section */
		F2FB929425B364B800206CEE = {
			isa = PBXGroup;
			children = (
				F2FB929F25B364B800206CEE /* RickAndMorty */,
				F2FB929E25B364B800206CEE /* Products */,
			);
			sourceTree = "<group>";
		};
		F2FB929E25B364B800206CEE /* Products */ = {
			isa = PBXGroup;
			children = (
				F2FB929D25B364B800206CEE /* RickAndMorty.app */,
			);
			name = Products;
			sourceTree = "<group>";
		};
		F2FB929F25B364B800206CEE /* RickAndMorty */ = {
			isa = PBXGroup;
			children = (
				F2FB92E125B3844600206CEE /* Extensions */,
				F2FB92D025B3722000206CEE /* CustomViews */,
				F2FB92CD25B36C5D00206CEE /* Storyboards */,
				F2FB92C325B36BA200206CEE /* Constants */,
				F2FB92B825B366E500206CEE /* Managers */,
				F2FB92B725B366E000206CEE /* Models */,
				F2FB92B625B366D800206CEE /* Screens */,
				F2FB92B525B366CD00206CEE /* Support */,
			);
			path = RickAndMorty;
			sourceTree = "<group>";
		};
		F2FB92B525B366CD00206CEE /* Support */ = {
			isa = PBXGroup;
			children = (
				F2FB92A025B364B800206CEE /* AppDelegate.swift */,
				F2FB92A225B364B800206CEE /* SceneDelegate.swift */,
				F2FB92A925B364BC00206CEE /* Assets.xcassets */,
				F2FB92AE25B364BC00206CEE /* Info.plist */,
			);
			path = Support;
			sourceTree = "<group>";
		};
		F2FB92B625B366D800206CEE /* Screens */ = {
			isa = PBXGroup;
			children = (
				F2FB92C925B36C5200206CEE /* CharactersVC.swift */,
			);
			path = Screens;
			sourceTree = "<group>";
		};
		F2FB92B725B366E000206CEE /* Models */ = {
			isa = PBXGroup;
			children = (
				F2FB92BD25B36A1700206CEE /* Character.swift */,
				F2FB92C025B36A3100206CEE /* Characters.swift */,
			);
			path = Models;
			sourceTree = "<group>";
		};
		F2FB92B825B366E500206CEE /* Managers */ = {
			isa = PBXGroup;
			children = (
				F2FB92B925B369CA00206CEE /* NetworkManager.swift */,
			);
			path = Managers;
			sourceTree = "<group>";
		};
		F2FB92C325B36BA200206CEE /* Constants */ = {
			isa = PBXGroup;
			children = (
				F2FB92C425B36BB000206CEE /* RMError.swift */,
			);
			path = Constants;
			sourceTree = "<group>";
		};
		F2FB92CD25B36C5D00206CEE /* Storyboards */ = {
			isa = PBXGroup;
			children = (
				F2FB92A625B364B800206CEE /* Main.storyboard */,
				F2FB92AB25B364BC00206CEE /* LaunchScreen.storyboard */,
			);
			path = Storyboards;
			sourceTree = "<group>";
		};
		F2FB92D025B3722000206CEE /* CustomViews */ = {
			isa = PBXGroup;
			children = (
				F2FB92D125B3722A00206CEE /* Cells */,
			);
			path = CustomViews;
			sourceTree = "<group>";
		};
		F2FB92D125B3722A00206CEE /* Cells */ = {
			isa = PBXGroup;
			children = (
				F2FB92DA25B3793A00206CEE /* CharacterCell.swift */,
				F2FB92DB25B3793A00206CEE /* CharacterCell.xib */,
			);
			path = Cells;
			sourceTree = "<group>";
		};
		F2FB92E125B3844600206CEE /* Extensions */ = {
			isa = PBXGroup;
			children = (
				F2FB92E225B3846800206CEE /* UIViewController+Ext.swift */,
			);
			path = Extensions;
			sourceTree = "<group>";
		};
/* End PBXGroup section */

/* Begin PBXNativeTarget section */
		F2FB929C25B364B800206CEE /* RickAndMorty */ = {
			isa = PBXNativeTarget;
			buildConfigurationList = F2FB92B125B364BC00206CEE /* Build configuration list for PBXNativeTarget "RickAndMorty" */;
			buildPhases = (
				F2FB929925B364B800206CEE /* Sources */,
				F2FB929A25B364B800206CEE /* Frameworks */,
				F2FB929B25B364B800206CEE /* Resources */,
			);
			buildRules = (
			);
			dependencies = (
			);
			name = RickAndMorty;
			productName = RickAndMorty;
			productReference = F2FB929D25B364B800206CEE /* RickAndMorty.app */;
			productType = "com.apple.product-type.application";
		};
/* End PBXNativeTarget section */

/* Begin PBXProject section */
		F2FB929525B364B800206CEE /* Project object */ = {
			isa = PBXProject;
			attributes = {
				LastSwiftUpdateCheck = 1230;
				LastUpgradeCheck = 1230;
				TargetAttributes = {
					F2FB929C25B364B800206CEE = {
						CreatedOnToolsVersion = 12.3;
					};
				};
			};
			buildConfigurationList = F2FB929825B364B800206CEE /* Build configuration list for PBXProject "RickAndMorty" */;
			compatibilityVersion = "Xcode 9.3";
			developmentRegion = en;
			hasScannedForEncodings = 0;
			knownRegions = (
				en,
				Base,
			);
			mainGroup = F2FB929425B364B800206CEE;
			productRefGroup = F2FB929E25B364B800206CEE /* Products */;
			projectDirPath = "";
			projectRoot = "";
			targets = (
				F2FB929C25B364B800206CEE /* RickAndMorty */,
			);
		};
/* End PBXProject section */

/* Begin PBXResourcesBuildPhase section */
		F2FB929B25B364B800206CEE /* Resources */ = {
			isa = PBXResourcesBuildPhase;
			buildActionMask = 2147483647;
			files = (
				F2FB92AD25B364BC00206CEE /* LaunchScreen.storyboard in Resources */,
				F2FB92AA25B364BC00206CEE /* Assets.xcassets in Resources */,
				F2FB92A825B364B800206CEE /* Main.storyboard in Resources */,
				F2FB92DD25B3793A00206CEE /* CharacterCell.xib in Resources */,
			);
			runOnlyForDeploymentPostprocessing = 0;
		};
/* End PBXResourcesBuildPhase section */

/* Begin PBXSourcesBuildPhase section */
		F2FB929925B364B800206CEE /* Sources */ = {
			isa = PBXSourcesBuildPhase;
			buildActionMask = 2147483647;
			files = (
				F2FB92C525B36BB000206CEE /* RMError.swift in Sources */,
				F2FB92BA25B369CA00206CEE /* NetworkManager.swift in Sources */,
				F2FB92C125B36A3200206CEE /* Characters.swift in Sources */,
				F2FB92DC25B3793A00206CEE /* CharacterCell.swift in Sources */,
				F2FB92BE25B36A1700206CEE /* Character.swift in Sources */,
				F2FB92A125B364B800206CEE /* AppDelegate.swift in Sources */,
				F2FB92CA25B36C5200206CEE /* CharactersVC.swift in Sources */,
				F2FB92A325B364B800206CEE /* SceneDelegate.swift in Sources */,
				F2FB92E325B3846800206CEE /* UIViewController+Ext.swift in Sources */,
			);
			runOnlyForDeploymentPostprocessing = 0;
		};
/* End PBXSourcesBuildPhase section */

/* Begin PBXVariantGroup section */
		F2FB92A625B364B800206CEE /* Main.storyboard */ = {
			isa = PBXVariantGroup;
			children = (
				F2FB92A725B364B800206CEE /* Base */,
			);
			name = Main.storyboard;
			sourceTree = "<group>";
		};
		F2FB92AB25B364BC00206CEE /* LaunchScreen.storyboard */ = {
			isa = PBXVariantGroup;
			children = (
				F2FB92AC25B364BC00206CEE /* Base */,
			);
			name = LaunchScreen.storyboard;
			sourceTree = "<group>";
		};
/* End PBXVariantGroup section */

/* Begin XCBuildConfiguration section */
		F2FB92AF25B364BC00206CEE /* Debug */ = {
			isa = XCBuildConfiguration;
			buildSettings = {
				ALWAYS_SEARCH_USER_PATHS = NO;
				CLANG_ANALYZER_NONNULL = YES;
				CLANG_ANALYZER_NUMBER_OBJECT_CONVERSION = YES_AGGRESSIVE;
				CLANG_CXX_LANGUAGE_STANDARD = "gnu++14";
				CLANG_CXX_LIBRARY = "libc++";
				CLANG_ENABLE_MODULES = YES;
				CLANG_ENABLE_OBJC_ARC = YES;
				CLANG_ENABLE_OBJC_WEAK = YES;
				CLANG_WARN_BLOCK_CAPTURE_AUTORELEASING = YES;
				CLANG_WARN_BOOL_CONVERSION = YES;
				CLANG_WARN_COMMA = YES;
				CLANG_WARN_CONSTANT_CONVERSION = YES;
				CLANG_WARN_DEPRECATED_OBJC_IMPLEMENTATIONS = YES;
				CLANG_WARN_DIRECT_OBJC_ISA_USAGE = YES_ERROR;
				CLANG_WARN_DOCUMENTATION_COMMENTS = YES;
				CLANG_WARN_EMPTY_BODY = YES;
				CLANG_WARN_ENUM_CONVERSION = YES;
				CLANG_WARN_INFINITE_RECURSION = YES;
				CLANG_WARN_INT_CONVERSION = YES;
				CLANG_WARN_NON_LITERAL_NULL_CONVERSION = YES;
				CLANG_WARN_OBJC_IMPLICIT_RETAIN_SELF = YES;
				CLANG_WARN_OBJC_LITERAL_CONVERSION = YES;
				CLANG_WARN_OBJC_ROOT_CLASS = YES_ERROR;
				CLANG_WARN_QUOTED_INCLUDE_IN_FRAMEWORK_HEADER = YES;
				CLANG_WARN_RANGE_LOOP_ANALYSIS = YES;
				CLANG_WARN_STRICT_PROTOTYPES = YES;
				CLANG_WARN_SUSPICIOUS_MOVE = YES;
				CLANG_WARN_UNGUARDED_AVAILABILITY = YES_AGGRESSIVE;
				CLANG_WARN_UNREACHABLE_CODE = YES;
				CLANG_WARN__DUPLICATE_METHOD_MATCH = YES;
				COPY_PHASE_STRIP = NO;
				DEBUG_INFORMATION_FORMAT = dwarf;
				ENABLE_STRICT_OBJC_MSGSEND = YES;
				ENABLE_TESTABILITY = YES;
				GCC_C_LANGUAGE_STANDARD = gnu11;
				GCC_DYNAMIC_NO_PIC = NO;
				GCC_NO_COMMON_BLOCKS = YES;
				GCC_OPTIMIZATION_LEVEL = 0;
				GCC_PREPROCESSOR_DEFINITIONS = (
					"DEBUG=1",
					"$(inherited)",
				);
				GCC_WARN_64_TO_32_BIT_CONVERSION = YES;
				GCC_WARN_ABOUT_RETURN_TYPE = YES_ERROR;
				GCC_WARN_UNDECLARED_SELECTOR = YES;
				GCC_WARN_UNINITIALIZED_AUTOS = YES_AGGRESSIVE;
				GCC_WARN_UNUSED_FUNCTION = YES;
				GCC_WARN_UNUSED_VARIABLE = YES;
				IPHONEOS_DEPLOYMENT_TARGET = 14.3;
				MTL_ENABLE_DEBUG_INFO = INCLUDE_SOURCE;
				MTL_FAST_MATH = YES;
				ONLY_ACTIVE_ARCH = YES;
				SDKROOT = iphoneos;
				SWIFT_ACTIVE_COMPILATION_CONDITIONS = DEBUG;
				SWIFT_OPTIMIZATION_LEVEL = "-Onone";
			};
			name = Debug;
		};
		F2FB92B025B364BC00206CEE /* Release */ = {
			isa = XCBuildConfiguration;
			buildSettings = {
				ALWAYS_SEARCH_USER_PATHS = NO;
				CLANG_ANALYZER_NONNULL = YES;
				CLANG_ANALYZER_NUMBER_OBJECT_CONVERSION = YES_AGGRESSIVE;
				CLANG_CXX_LANGUAGE_STANDARD = "gnu++14";
				CLANG_CXX_LIBRARY = "libc++";
				CLANG_ENABLE_MODULES = YES;
				CLANG_ENABLE_OBJC_ARC = YES;
				CLANG_ENABLE_OBJC_WEAK = YES;
				CLANG_WARN_BLOCK_CAPTURE_AUTORELEASING = YES;
				CLANG_WARN_BOOL_CONVERSION = YES;
				CLANG_WARN_COMMA = YES;
				CLANG_WARN_CONSTANT_CONVERSION = YES;
				CLANG_WARN_DEPRECATED_OBJC_IMPLEMENTATIONS = YES;
				CLANG_WARN_DIRECT_OBJC_ISA_USAGE = YES_ERROR;
				CLANG_WARN_DOCUMENTATION_COMMENTS = YES;
				CLANG_WARN_EMPTY_BODY = YES;
				CLANG_WARN_ENUM_CONVERSION = YES;
				CLANG_WARN_INFINITE_RECURSION = YES;
				CLANG_WARN_INT_CONVERSION = YES;
				CLANG_WARN_NON_LITERAL_NULL_CONVERSION = YES;
				CLANG_WARN_OBJC_IMPLICIT_RETAIN_SELF = YES;
				CLANG_WARN_OBJC_LITERAL_CONVERSION = YES;
				CLANG_WARN_OBJC_ROOT_CLASS = YES_ERROR;
				CLANG_WARN_QUOTED_INCLUDE_IN_FRAMEWORK_HEADER = YES;
				CLANG_WARN_RANGE_LOOP_ANALYSIS = YES;
				CLANG_WARN_STRICT_PROTOTYPES = YES;
				CLANG_WARN_SUSPICIOUS_MOVE = YES;
				CLANG_WARN_UNGUARDED_AVAILABILITY = YES_AGGRESSIVE;
				CLANG_WARN_UNREACHABLE_CODE = YES;
				CLANG_WARN__DUPLICATE_METHOD_MATCH = YES;
				COPY_PHASE_STRIP = NO;
				DEBUG_INFORMATION_FORMAT = "dwarf-with-dsym";
				ENABLE_NS_ASSERTIONS = NO;
				ENABLE_STRICT_OBJC_MSGSEND = YES;
				GCC_C_LANGUAGE_STANDARD = gnu11;
				GCC_NO_COMMON_BLOCKS = YES;
				GCC_WARN_64_TO_32_BIT_CONVERSION = YES;
				GCC_WARN_ABOUT_RETURN_TYPE = YES_ERROR;
				GCC_WARN_UNDECLARED_SELECTOR = YES;
				GCC_WARN_UNINITIALIZED_AUTOS = YES_AGGRESSIVE;
				GCC_WARN_UNUSED_FUNCTION = YES;
				GCC_WARN_UNUSED_VARIABLE = YES;
				IPHONEOS_DEPLOYMENT_TARGET = 14.3;
				MTL_ENABLE_DEBUG_INFO = NO;
				MTL_FAST_MATH = YES;
				SDKROOT = iphoneos;
				SWIFT_COMPILATION_MODE = wholemodule;
				SWIFT_OPTIMIZATION_LEVEL = "-O";
				VALIDATE_PRODUCT = YES;
			};
			name = Release;
		};
		F2FB92B225B364BC00206CEE /* Debug */ = {
			isa = XCBuildConfiguration;
			buildSettings = {
				ASSETCATALOG_COMPILER_APPICON_NAME = AppIcon;
				ASSETCATALOG_COMPILER_GLOBAL_ACCENT_COLOR_NAME = AccentColor;
				CODE_SIGN_STYLE = Automatic;
				DEVELOPMENT_TEAM = PA7L263H2S;
				INFOPLIST_FILE = RickAndMorty/Support/Info.plist;
				LD_RUNPATH_SEARCH_PATHS = (
					"$(inherited)",
					"@executable_path/Frameworks",
				);
				PRODUCT_BUNDLE_IDENTIFIER = com.galileoguzman.RickAndMorty;
				PRODUCT_NAME = "$(TARGET_NAME)";
				SWIFT_VERSION = 5.0;
				TARGETED_DEVICE_FAMILY = "1,2";
			};
			name = Debug;
		};
		F2FB92B325B364BC00206CEE /* Release */ = {
			isa = XCBuildConfiguration;
			buildSettings = {
				ASSETCATALOG_COMPILER_APPICON_NAME = AppIcon;
				ASSETCATALOG_COMPILER_GLOBAL_ACCENT_COLOR_NAME = AccentColor;
				CODE_SIGN_STYLE = Automatic;
				DEVELOPMENT_TEAM = PA7L263H2S;
				INFOPLIST_FILE = RickAndMorty/Support/Info.plist;
				LD_RUNPATH_SEARCH_PATHS = (
					"$(inherited)",
					"@executable_path/Frameworks",
				);
				PRODUCT_BUNDLE_IDENTIFIER = com.galileoguzman.RickAndMorty;
				PRODUCT_NAME = "$(TARGET_NAME)";
				SWIFT_VERSION = 5.0;
				TARGETED_DEVICE_FAMILY = "1,2";
			};
			name = Release;
		};
/* End XCBuildConfiguration section */

/* Begin XCConfigurationList section */
		F2FB929825B364B800206CEE /* Build configuration list for PBXProject "RickAndMorty" */ = {
			isa = XCConfigurationList;
			buildConfigurations = (
				F2FB92AF25B364BC00206CEE /* Debug */,
				F2FB92B025B364BC00206CEE /* Release */,
			);
			defaultConfigurationIsVisible = 0;
			defaultConfigurationName = Release;
		};
		F2FB92B125B364BC00206CEE /* Build configuration list for PBXNativeTarget "RickAndMorty" */ = {
			isa = XCConfigurationList;
			buildConfigurations = (
				F2FB92B225B364BC00206CEE /* Debug */,
				F2FB92B325B364BC00206CEE /* Release */,
			);
			defaultConfigurationIsVisible = 0;
			defaultConfigurationName = Release;
		};
/* End XCConfigurationList section */
	};
	rootObject = F2FB929525B364B800206CEE /* Project object */;
}
